
Microsoft Visual Studio Solution File, Format Version 12.00
# Visual Studio 15
VisualStudioVersion = 15.0.26730.3
MinimumVisualStudioVersion = 10.0.40219.1
Project("{9A19103F-16F7-4668-BE54-9A1E7A4F7556}") = "GigHub", "GigHub\GigHub.csproj", "{EAD828AB-E42C-4FDC-BDE1-80FD1651A810}"
EndProject
Project("{9A19103F-16F7-4668-BE54-9A1E7A4F7556}") = "GigHub.Tests", "GigHub.Tests\GigHub.Tests.csproj", "{D594A561-3DA0-4F73-8EE6-586FDDBF746B}"
EndProject
Project("{2150E333-8FDC-42A3-9474-1A3956D46DE8}") = "Solution Items", "Solution Items", "{B05B578E-BD0C-4DFF-BB59-94E0D27CAEDB}"
	ProjectSection(SolutionItems) = preProject
		..\.gitattributes = ..\.gitattributes
		..\.gitignore = ..\.gitignore
		..\README.md = ..\README.md
	EndProjectSection
EndProject
Project("{FAE04EC0-301F-11D3-BF4B-00C04F79EFBC}") = "GigHub.Persistence", "GigHub.Persistence\GigHub.Persistence.csproj", "{C45730BD-902B-414F-A42B-ABA887603F90}"
EndProject
Project("{FAE04EC0-301F-11D3-BF4B-00C04F79EFBC}") = "GigHub.Core", "GigHub.Core\GigHub.Core.csproj", "{CBD25800-26C3-44B0-AF1F-EBEE5225AEB3}"
EndProject
Global
	GlobalSection(SolutionConfigurationPlatforms) = preSolution
		Debug|Any CPU = Debug|Any CPU
		Release|Any CPU = Release|Any CPU
	EndGlobalSection
	GlobalSection(ProjectConfigurationPlatforms) = postSolution
		{EAD828AB-E42C-4FDC-BDE1-80FD1651A810}.Debug|Any CPU.ActiveCfg = Debug|Any CPU
		{EAD828AB-E42C-4FDC-BDE1-80FD1651A810}.Debug|Any CPU.Build.0 = Debug|Any CPU
		{EAD828AB-E42C-4FDC-BDE1-80FD1651A810}.Release|Any CPU.ActiveCfg = Release|Any CPU
		{EAD828AB-E42C-4FDC-BDE1-80FD1651A810}.Release|Any CPU.Build.0 = Release|Any CPU
		{D594A561-3DA0-4F73-8EE6-586FDDBF746B}.Debug|Any CPU.ActiveCfg = Debug|Any CPU
		{D594A561-3DA0-4F73-8EE6-586FDDBF746B}.Debug|Any CPU.Build.0 = Debug|Any CPU
		{D594A561-3DA0-4F73-8EE6-586FDDBF746B}.Release|Any CPU.ActiveCfg = Release|Any CPU
		{D594A561-3DA0-4F73-8EE6-586FDDBF746B}.Release|Any CPU.Build.0 = Release|Any CPU
		{C45730BD-902B-414F-A42B-ABA887603F90}.Debug|Any CPU.ActiveCfg = Debug|Any CPU
		{C45730BD-902B-414F-A42B-ABA887603F90}.Debug|Any CPU.Build.0 = Debug|Any CPU
		{C45730BD-902B-414F-A42B-ABA887603F90}.Release|Any CPU.ActiveCfg = Release|Any CPU
		{C45730BD-902B-414F-A42B-ABA887603F90}.Release|Any CPU.Build.0 = Release|Any CPU
		{CBD25800-26C3-44B0-AF1F-EBEE5225AEB3}.Debug|Any CPU.ActiveCfg = Debug|Any CPU
		{CBD25800-26C3-44B0-AF1F-EBEE5225AEB3}.Debug|Any CPU.Build.0 = Debug|Any CPU
		{CBD25800-26C3-44B0-AF1F-EBEE5225AEB3}.Release|Any CPU.ActiveCfg = Release|Any CPU
		{CBD25800-26C3-44B0-AF1F-EBEE5225AEB3}.Release|Any CPU.Build.0 = Release|Any CPU
	EndGlobalSection
	GlobalSection(SolutionProperties) = preSolution
		HideSolutionNode = FALSE
	EndGlobalSection
	GlobalSection(ExtensibilityGlobals) = postSolution
		SolutionGuid = {FDFDC1D1-D3C3-4527-A3F7-A5C171231E0D}
	EndGlobalSection
EndGlobal
